
Microsoft Visual Studio Solution File, Format Version 12.00
# Visual Studio 14
VisualStudioVersion = 14.0.23107.0
MinimumVisualStudioVersion = 10.0.40219.1
Project("{FAE04EC0-301F-11D3-BF4B-00C04F79EFBC}") = "Market", "Market\Market.csproj", "{9C53C956-4139-4375-802B-FFEA751CB7D2}"
EndProject
Project("{FAE04EC0-301F-11D3-BF4B-00C04F79EFBC}") = "Market.Tests", "Market.Tests\Market.Tests.csproj", "{FC64525F-5DED-4835-9321-FA69E9347771}"
EndProject
Global
	GlobalSection(SolutionConfigurationPlatforms) = preSolution
		Debug|Any CPU = Debug|Any CPU
		Release|Any CPU = Release|Any CPU
	EndGlobalSection
	GlobalSection(ProjectConfigurationPlatforms) = postSolution
		{9C53C956-4139-4375-802B-FFEA751CB7D2}.Debug|Any CPU.ActiveCfg = Debug|Any CPU
		{9C53C956-4139-4375-802B-FFEA751CB7D2}.Debug|Any CPU.Build.0 = Debug|Any CPU
		{9C53C956-4139-4375-802B-FFEA751CB7D2}.Release|Any CPU.ActiveCfg = Release|Any CPU
		{9C53C956-4139-4375-802B-FFEA751CB7D2}.Release|Any CPU.Build.0 = Release|Any CPU
		{FC64525F-5DED-4835-9321-FA69E9347771}.Debug|Any CPU.ActiveCfg = Debug|Any CPU
		{FC64525F-5DED-4835-9321-FA69E9347771}.Debug|Any CPU.Build.0 = Debug|Any CPU
		{FC64525F-5DED-4835-9321-FA69E9347771}.Release|Any CPU.ActiveCfg = Release|Any CPU
		{FC64525F-5DED-4835-9321-FA69E9347771}.Release|Any CPU.Build.0 = Release|Any CPU
	EndGlobalSection
	GlobalSection(SolutionProperties) = preSolution
		HideSolutionNode = FALSE
	EndGlobalSection
EndGlobal
